{
  "nodes": {
    "herdrProjectPicker": {
      "flake": false,
      "locked": {
        "lastModified": 1790785629,
        "narHash": "sha256-HZZ73HkU2xewQ4acjLy3tIF574hGZX93OsO8P2RRY8c=",
        "owner": "johnallen3d",
        "repo": "herdr-project-picker",
        "rev": "70219b8e1157f85dab8a8b9cf3b67907e6ca969d",
        "type": "github"
      },
      "original": {
        "owner": "johnallen3d",
        "repo": "herdr-project-picker",
        "type": "github"
      }
    },
    "home-manager": {
      "inputs": {
        "nixpkgs": [
          "nixpkgs"
        ]
      },
      "locked": {
        "lastModified": 1790779675,
        "narHash": "sha256-wswYlVaovcex/IMSqGrN/GLlvHN29bgoIXMBoMyLmTI=",
        "owner": "nix-community",
        "repo": "home-manager",
        "rev": "b75a0703c9ef757386ec3807a55106c2ca64f770",
        "type": "github"
      },
      "original": {
        "owner": "nix-community",
        "repo": "home-manager",
        "type": "github"
      }
    },
    "lop": {
      "inputs": {
        "nixpkgs": [
          "nixpkgs"
        ]
      },
      "locked": {
        "lastModified": 1790173710,
        "narHash": "sha256-9lrLiAqDMNcutCxXLJrAm1V5lIfEkY8yTe3W0mjpS/0=",
        "owner": "johnallen3d",
        "repo": "lop",
        "rev": "21e680706aff3b75cbd240133738b0e6857c3163",
        "type": "github"
      },
      "original": {
        "owner": "johnallen3d",
        "repo": "lop",
        "type": "github"
      }
    },
    "nix-darwin": {
      "inputs": {
        "nixpkgs": [
          "nixpkgs"
        ]
      },
      "locked": {
        "lastModified": 1786845137,
        "narHash": "sha256-oQFip+v0luP8NIxJzmiW4Wu8bILsbFWom5l0zonl8hQ=",
        "owner": "LnL7",
        "repo": "nix-darwin",
        "rev": "4cff07de74b50e64bdd68cd4e722ab5b6b35ee48",
        "type": "github"
      },
      "original": {
        "owner": "LnL7",
        "repo": "nix-darwin",
        "type": "github"
      }
    },
    "nixpkgs": {
      "locked": {
        "lastModified": 1790689126,
        "narHash": "sha256-ilerN1WLSvF+HMjziC/Wv99J5y02maDH+6hZPwsORKg=",
        "owner": "NixOS",
        "repo": "nixpkgs",
        "rev": "b4fd65b198c599cbe814fcb9f42d25d021595ec9",
        "type": "github"
      },
      "original": {
        "owner": "NixOS",
        "ref": "nixos-unstable",
        "repo": "nixpkgs",
        "type": "github"
      }
    },
    "root": {
      "inputs": {
        "herdrProjectPicker": "herdrProjectPicker",
        "home-manager": "home-manager",
        "lop": "lop",
        "nix-darwin": "nix-darwin",
        "nixpkgs": "nixpkgs"
      }
    }
  },
  "root": "root",
  "version": 7
}
