{
  "nodes": {
    "herdrProjectPicker": {
      "flake": false,
      "locked": {
        "lastModified": 1791466155,
        "narHash": "sha256-Sbh8+XJZUhmYE7fMPKlSSg0p59jBMYBwBgC4kmNsDVI=",
        "owner": "johnallen3d",
        "repo": "herdr-project-picker",
        "rev": "b547c800b882029d876bf94130e4fd6296459065",
        "type": "github"
      },
      "original": {
        "owner": "johnallen3d",
        "repo": "herdr-project-picker",
        "type": "github"
      }
    },
    "home-manager": {
      "inputs": {
        "nixpkgs": [
          "nixpkgs"
        ]
      },
      "locked": {
        "lastModified": 1791484883,
        "narHash": "sha256-iKxFHJrg7Sltwhq3ssCZYQ4CFEDVvReVVuVuO9dj3sE=",
        "owner": "nix-community",
        "repo": "home-manager",
        "rev": "dfadbe5162d5e86bc0808badec8f346f81b4b3f0",
        "type": "github"
      },
      "original": {
        "owner": "nix-community",
        "repo": "home-manager",
        "type": "github"
      }
    },
    "lop": {
      "inputs": {
        "nixpkgs": [
          "nixpkgs"
        ]
      },
      "locked": {
        "lastModified": 1790173710,
        "narHash": "sha256-9lrLiAqDMNcutCxXLJrAm1V5lIfEkY8yTe3W0mjpS/0=",
        "owner": "johnallen3d",
        "repo": "lop",
        "rev": "21e680706aff3b75cbd240133738b0e6857c3163",
        "type": "github"
      },
      "original": {
        "owner": "johnallen3d",
        "repo": "lop",
        "type": "github"
      }
    },
    "nix-darwin": {
      "inputs": {
        "nixpkgs": [
          "nixpkgs"
        ]
      },
      "locked": {
        "lastModified": 1786845137,
        "narHash": "sha256-oQFip+v0luP8NIxJzmiW4Wu8bILsbFWom5l0zonl8hQ=",
        "owner": "LnL7",
        "repo": "nix-darwin",
        "rev": "4cff07de74b50e64bdd68cd4e722ab5b6b35ee48",
        "type": "github"
      },
      "original": {
        "owner": "LnL7",
        "repo": "nix-darwin",
        "type": "github"
      }
    },
    "nixpkgs": {
      "locked": {
        "lastModified": 1791456040,
        "narHash": "sha256-H83yz/do+hjOO0uujHyH8RgtIQP2v7Mw+cLwcZK/xKc=",
        "owner": "NixOS",
        "repo": "nixpkgs",
        "rev": "e7439b6b14ad3cc35d05608ebca9bce01a25f5f8",
        "type": "github"
      },
      "original": {
        "owner": "NixOS",
        "ref": "nixos-unstable",
        "repo": "nixpkgs",
        "type": "github"
      }
    },
    "root": {
      "inputs": {
        "herdrProjectPicker": "herdrProjectPicker",
        "home-manager": "home-manager",
        "lop": "lop",
        "nix-darwin": "nix-darwin",
        "nixpkgs": "nixpkgs",
        "yem": "yem"
      }
    },
    "yem": {
      "flake": false,
      "locked": {
        "lastModified": 1790799820,
        "narHash": "sha256-bQXUH2Pyg+dZRO1Zf/Kqg8vsm+Pp2Z33KuZiqZO42rk=",
        "ref": "main",
        "rev": "59fc42e053e8b3fb73076627ce79b3891547ddeb",
        "revCount": 82,
        "type": "git",
        "url": "https://github.com/johnallen3d/cue.git"
      },
      "original": {
        "ref": "main",
        "type": "git",
        "url": "https://github.com/johnallen3d/cue.git"
      }
    }
  },
  "root": "root",
  "version": 7
}
