{
  "nodes": {
    "herdrProjectPicker": {
      "flake": false,
      "locked": {
        "lastModified": 1790428258,
        "narHash": "sha256-paXRZJreCsxTs3f6zKc2nXhuye+WuvtRMhkXrFWoJKw=",
        "owner": "johnallen3d",
        "repo": "herdr-project-picker",
        "rev": "d775d6c03d470699cc4442a85d75e844d7e6e764",
        "type": "github"
      },
      "original": {
        "owner": "johnallen3d",
        "repo": "herdr-project-picker",
        "type": "github"
      }
    },
    "home-manager": {
      "inputs": {
        "nixpkgs": [
          "nixpkgs"
        ]
      },
      "locked": {
        "lastModified": 1790365885,
        "narHash": "sha256-iQ0ebhiVo64NktTnwft9hNxlFu4j5cvljVxyJaEVIP4=",
        "owner": "nix-community",
        "repo": "home-manager",
        "rev": "7b4c5ec4bedaf1e062bbc1bcaeddbc6bd242aa1b",
        "type": "github"
      },
      "original": {
        "owner": "nix-community",
        "repo": "home-manager",
        "type": "github"
      }
    },
    "lop": {
      "inputs": {
        "nixpkgs": [
          "nixpkgs"
        ]
      },
      "locked": {
        "lastModified": 1790173710,
        "narHash": "sha256-9lrLiAqDMNcutCxXLJrAm1V5lIfEkY8yTe3W0mjpS/0=",
        "owner": "johnallen3d",
        "repo": "lop",
        "rev": "21e680706aff3b75cbd240133738b0e6857c3163",
        "type": "github"
      },
      "original": {
        "owner": "johnallen3d",
        "repo": "lop",
        "type": "github"
      }
    },
    "nix-darwin": {
      "inputs": {
        "nixpkgs": [
          "nixpkgs"
        ]
      },
      "locked": {
        "lastModified": 1786845137,
        "narHash": "sha256-oQFip+v0luP8NIxJzmiW4Wu8bILsbFWom5l0zonl8hQ=",
        "owner": "LnL7",
        "repo": "nix-darwin",
        "rev": "4cff07de74b50e64bdd68cd4e722ab5b6b35ee48",
        "type": "github"
      },
      "original": {
        "owner": "LnL7",
        "repo": "nix-darwin",
        "type": "github"
      }
    },
    "nixpkgs": {
      "locked": {
        "lastModified": 1790323409,
        "narHash": "sha256-VVTPf+Hyd5ebpjBMHmrLMSBIeW6ls48Bqtosj7CNKLA=",
        "owner": "NixOS",
        "repo": "nixpkgs",
        "rev": "e94cb152ed51bd6e24eb4a41f1460252beb52cd2",
        "type": "github"
      },
      "original": {
        "owner": "NixOS",
        "ref": "nixos-unstable",
        "repo": "nixpkgs",
        "type": "github"
      }
    },
    "root": {
      "inputs": {
        "herdrProjectPicker": "herdrProjectPicker",
        "home-manager": "home-manager",
        "lop": "lop",
        "nix-darwin": "nix-darwin",
        "nixpkgs": "nixpkgs"
      }
    }
  },
  "root": "root",
  "version": 7
}
